<Solution>
  <Folder Name="/bff/">
    <Project Path="bff/server/BffAuth0.Server.csproj" />
  </Folder>
  <Folder Name="/_SolutionItems/">
    <File Path=".github/workflows/dotnet.yml" />
    <File Path="README.md" />
  </Folder>
  <Project Path="Api/WebApi.csproj" />
  <Project Path="GenerateCertiticate/GenerateCertiticate.csproj" />
</Solution>
